{
  "name": "wp-content",
  "lockfileVersion": 2,
  "requires": true,
  "packages": {
    "": {
      "hasInstallScript": true,
      "devDependencies": {
        "@arkweid/lefthook": "^0.7.4"
      }
    },
    "node_modules/@arkweid/lefthook": {
      "version": "0.7.4",
      "resolved": "https://registry.npmjs.org/@arkweid/lefthook/-/lefthook-0.7.4.tgz",
      "integrity": "sha512-nXyae1SNRyJIuM9BjptWwxserBnPmOpXyTKGTeYU6FdQlfGsg9j2wDlkOsUKck0DsDMUKro1aba0Iv+EO0RSiA==",
      "cpu": [
        "x64",
        "arm64",
        "x32"
      ],
      "dev": true,
      "hasInstallScript": true,
      "os": [
        "darwin",
        "linux",
        "win32"
      ],
      "bin": {
        "lefthook": "bin/index.js"
      }
    }
  },
  "dependencies": {
    "@arkweid/lefthook": {
      "version": "0.7.4",
      "resolved": "https://registry.npmjs.org/@arkweid/lefthook/-/lefthook-0.7.4.tgz",
      "integrity": "sha512-nXyae1SNRyJIuM9BjptWwxserBnPmOpXyTKGTeYU6FdQlfGsg9j2wDlkOsUKck0DsDMUKro1aba0Iv+EO0RSiA==",
      "dev": true
    }
  }
}
